
Microsoft Visual Studio Solution File, Format Version 12.00
# Visual Studio Version 17
VisualStudioVersion = 17.12.35707.178
MinimumVisualStudioVersion = 10.0.40219.1
Project("{FAE04EC0-301F-11D3-BF4B-00C04F79EFBC}") = "InfoCom", "InfoCom\InfoCom.csproj", "{074B13CD-60DE-4C77-8210-8809374B9AE8}"
EndProject
Project("{2150E333-8FDC-42A3-9474-1A3956D46DE8}") = "InfoCom.Api", "InfoCom.Api", "{1D63C916-C9CD-4B3C-BB55-C101C19E4A59}"
EndProject
Project("{2150E333-8FDC-42A3-9474-1A3956D46DE8}") = "Api", "Api", "{73311D9B-949B-4826-B641-3B015FB9D9AF}"
EndProject
Project("{2150E333-8FDC-42A3-9474-1A3956D46DE8}") = "Data-Models", "Data-Models", "{7B87EA3E-F303-4380-B17A-C18B9C707CF6}"
EndProject
Project("{2150E333-8FDC-42A3-9474-1A3956D46DE8}") = "MediatR", "MediatR", "{96B2BC02-EB57-4ADD-88DE-775B7992AE62}"
EndProject
Project("{FAE04EC0-301F-11D3-BF4B-00C04F79EFBC}") = "InfoCom.Model", "InfoCom.Model\InfoCom.Model.csproj", "{7DCBDED4-4F6D-4816-8CE4-A06C19ED1562}"
EndProject
Project("{2150E333-8FDC-42A3-9474-1A3956D46DE8}") = "Data", "Data", "{F19CA99C-1BA2-4638-A879-11BA1BBFA0B7}"
EndProject
Project("{FAE04EC0-301F-11D3-BF4B-00C04F79EFBC}") = "InfoCom.Data", "InfoCom.Data\InfoCom.Data.csproj", "{CC72501A-2EA5-4E61-835B-580469F698CA}"
EndProject
Project("{2150E333-8FDC-42A3-9474-1A3956D46DE8}") = "InfoCom.Ui.Models", "InfoCom.Ui.Models", "{69B4BB1D-64FE-4F78-8957-21CCC6EB8D41}"
EndProject
Project("{FAE04EC0-301F-11D3-BF4B-00C04F79EFBC}") = "InfoCom.Ui.Models", "InfoCom.Ui.Models\InfoCom.Ui.Models.csproj", "{7B862C94-657E-4F9E-A0B7-4A05AA63754F}"
EndProject
Project("{2150E333-8FDC-42A3-9474-1A3956D46DE8}") = "InfoCom.Share", "InfoCom.Share", "{47CFC18F-6324-40AB-930E-CB5635F4349B}"
EndProject
Project("{FAE04EC0-301F-11D3-BF4B-00C04F79EFBC}") = "InfoCom.Share", "InfoCom.Share\InfoCom.Share.csproj", "{A761CE38-A8CA-4221-AA60-D068862E9A4E}"
EndProject
Global
	GlobalSection(SolutionConfigurationPlatforms) = preSolution
		Debug|Any CPU = Debug|Any CPU
		Release|Any CPU = Release|Any CPU
	EndGlobalSection
	GlobalSection(ProjectConfigurationPlatforms) = postSolution
		{074B13CD-60DE-4C77-8210-8809374B9AE8}.Debug|Any CPU.ActiveCfg = Debug|Any CPU
		{074B13CD-60DE-4C77-8210-8809374B9AE8}.Debug|Any CPU.Build.0 = Debug|Any CPU
		{074B13CD-60DE-4C77-8210-8809374B9AE8}.Release|Any CPU.ActiveCfg = Release|Any CPU
		{074B13CD-60DE-4C77-8210-8809374B9AE8}.Release|Any CPU.Build.0 = Release|Any CPU
		{7DCBDED4-4F6D-4816-8CE4-A06C19ED1562}.Debug|Any CPU.ActiveCfg = Debug|Any CPU
		{7DCBDED4-4F6D-4816-8CE4-A06C19ED1562}.Debug|Any CPU.Build.0 = Debug|Any CPU
		{7DCBDED4-4F6D-4816-8CE4-A06C19ED1562}.Release|Any CPU.ActiveCfg = Release|Any CPU
		{7DCBDED4-4F6D-4816-8CE4-A06C19ED1562}.Release|Any CPU.Build.0 = Release|Any CPU
		{CC72501A-2EA5-4E61-835B-580469F698CA}.Debug|Any CPU.ActiveCfg = Debug|Any CPU
		{CC72501A-2EA5-4E61-835B-580469F698CA}.Debug|Any CPU.Build.0 = Debug|Any CPU
		{CC72501A-2EA5-4E61-835B-580469F698CA}.Release|Any CPU.ActiveCfg = Release|Any CPU
		{CC72501A-2EA5-4E61-835B-580469F698CA}.Release|Any CPU.Build.0 = Release|Any CPU
		{7B862C94-657E-4F9E-A0B7-4A05AA63754F}.Debug|Any CPU.ActiveCfg = Debug|Any CPU
		{7B862C94-657E-4F9E-A0B7-4A05AA63754F}.Debug|Any CPU.Build.0 = Debug|Any CPU
		{7B862C94-657E-4F9E-A0B7-4A05AA63754F}.Release|Any CPU.ActiveCfg = Release|Any CPU
		{7B862C94-657E-4F9E-A0B7-4A05AA63754F}.Release|Any CPU.Build.0 = Release|Any CPU
		{A761CE38-A8CA-4221-AA60-D068862E9A4E}.Debug|Any CPU.ActiveCfg = Debug|Any CPU
		{A761CE38-A8CA-4221-AA60-D068862E9A4E}.Debug|Any CPU.Build.0 = Debug|Any CPU
		{A761CE38-A8CA-4221-AA60-D068862E9A4E}.Release|Any CPU.ActiveCfg = Release|Any CPU
		{A761CE38-A8CA-4221-AA60-D068862E9A4E}.Release|Any CPU.Build.0 = Release|Any CPU
	EndGlobalSection
	GlobalSection(SolutionProperties) = preSolution
		HideSolutionNode = FALSE
	EndGlobalSection
	GlobalSection(NestedProjects) = preSolution
		{074B13CD-60DE-4C77-8210-8809374B9AE8} = {73311D9B-949B-4826-B641-3B015FB9D9AF}
		{73311D9B-949B-4826-B641-3B015FB9D9AF} = {1D63C916-C9CD-4B3C-BB55-C101C19E4A59}
		{7B87EA3E-F303-4380-B17A-C18B9C707CF6} = {1D63C916-C9CD-4B3C-BB55-C101C19E4A59}
		{96B2BC02-EB57-4ADD-88DE-775B7992AE62} = {1D63C916-C9CD-4B3C-BB55-C101C19E4A59}
		{7DCBDED4-4F6D-4816-8CE4-A06C19ED1562} = {7B87EA3E-F303-4380-B17A-C18B9C707CF6}
		{F19CA99C-1BA2-4638-A879-11BA1BBFA0B7} = {1D63C916-C9CD-4B3C-BB55-C101C19E4A59}
		{CC72501A-2EA5-4E61-835B-580469F698CA} = {F19CA99C-1BA2-4638-A879-11BA1BBFA0B7}
		{7B862C94-657E-4F9E-A0B7-4A05AA63754F} = {69B4BB1D-64FE-4F78-8957-21CCC6EB8D41}
		{A761CE38-A8CA-4221-AA60-D068862E9A4E} = {47CFC18F-6324-40AB-930E-CB5635F4349B}
	EndGlobalSection
EndGlobal
